
Microsoft Visual Studio Solution File, Format Version 12.00
# Visual Studio Version 16
VisualStudioVersion = 16.0.29709.97
MinimumVisualStudioVersion = 10.0.40219.1
Project("{9A19103F-16F7-4668-BE54-9A1E7A4F7556}") = "FloorSweep.PathFinding", "FloorSweep.PathFinding\FloorSweep.PathFinding.csproj", "{EECF8405-F3D5-48ED-8B2D-84CF7BDA1185}"
EndProject
Project("{9A19103F-16F7-4668-BE54-9A1E7A4F7556}") = "FloorSweep.PathFinding.TestApp", "FloorSweep.Pathfinding.TestApp\FloorSweep.PathFinding.TestApp.csproj", "{719BFED4-3683-4462-89A4-578911FD9952}"
EndProject
Project("{9A19103F-16F7-4668-BE54-9A1E7A4F7556}") = "FloorSweep.Math", "Floorsweep.Math\FloorSweep.Math.csproj", "{21FE5AFD-BFEA-45CF-86A5-224110158D8F}"
EndProject
Project("{9A19103F-16F7-4668-BE54-9A1E7A4F7556}") = "FloorSweep.Math.Tests", "Floorsweep.Math.Tests\FloorSweep.Math.Tests.csproj", "{02D60AE9-27DB-4398-AE14-27A880E10234}"
EndProject
Project("{9A19103F-16F7-4668-BE54-9A1E7A4F7556}") = "FloorSweep.PathFinding.Tests", "Floorsweep.PathFinding.Tests\FloorSweep.PathFinding.Tests.csproj", "{627D5147-61CA-4BC3-85EE-4BF6FBE73C78}"
EndProject
Project("{9A19103F-16F7-4668-BE54-9A1E7A4F7556}") = "FloorSweep.Api", "FloorSweep.Api\FloorSweep.Api.csproj", "{52D83CCD-DBCC-4A8E-A66A-FED87C3C028B}"
EndProject
Project("{9A19103F-16F7-4668-BE54-9A1E7A4F7556}") = "FloorSweep.Engine.Repositories", "FloorSweep.Engine.Repositories\FloorSweep.Engine.Repositories.csproj", "{24BFAB8B-8235-4D1A-B6AA-03FA36A3A062}"
EndProject
Project("{9A19103F-16F7-4668-BE54-9A1E7A4F7556}") = "FloorSweep.Engine", "FloorSweep.Engine\FloorSweep.Engine.csproj", "{125E10D0-63B3-4D22-BE35-589761DF1E4F}"
EndProject
Project("{9A19103F-16F7-4668-BE54-9A1E7A4F7556}") = "FloorSweep.Monitor.App", "FloorSweep.Monitor.App\FloorSweep.Monitor.App.csproj", "{43B8668D-FF25-4E97-ADB3-A78E00BB4408}"
EndProject
Project("{FAE04EC0-301F-11D3-BF4B-00C04F79EFBC}") = "FloorSweep.Web", "FloorSweep.Web\FloorSweep.Web.csproj", "{39D5EFDA-408F-4853-AC62-AD4C056329C5}"
EndProject
Global
	GlobalSection(SolutionConfigurationPlatforms) = preSolution
		Debug|Any CPU = Debug|Any CPU
		Release|Any CPU = Release|Any CPU
	EndGlobalSection
	GlobalSection(ProjectConfigurationPlatforms) = postSolution
		{EECF8405-F3D5-48ED-8B2D-84CF7BDA1185}.Debug|Any CPU.ActiveCfg = Debug|Any CPU
		{EECF8405-F3D5-48ED-8B2D-84CF7BDA1185}.Debug|Any CPU.Build.0 = Debug|Any CPU
		{EECF8405-F3D5-48ED-8B2D-84CF7BDA1185}.Release|Any CPU.ActiveCfg = Release|Any CPU
		{EECF8405-F3D5-48ED-8B2D-84CF7BDA1185}.Release|Any CPU.Build.0 = Release|Any CPU
		{719BFED4-3683-4462-89A4-578911FD9952}.Debug|Any CPU.ActiveCfg = Debug|Any CPU
		{719BFED4-3683-4462-89A4-578911FD9952}.Debug|Any CPU.Build.0 = Debug|Any CPU
		{719BFED4-3683-4462-89A4-578911FD9952}.Release|Any CPU.ActiveCfg = Release|Any CPU
		{719BFED4-3683-4462-89A4-578911FD9952}.Release|Any CPU.Build.0 = Release|Any CPU
		{21FE5AFD-BFEA-45CF-86A5-224110158D8F}.Debug|Any CPU.ActiveCfg = Debug|Any CPU
		{21FE5AFD-BFEA-45CF-86A5-224110158D8F}.Debug|Any CPU.Build.0 = Debug|Any CPU
		{21FE5AFD-BFEA-45CF-86A5-224110158D8F}.Release|Any CPU.ActiveCfg = Release|Any CPU
		{21FE5AFD-BFEA-45CF-86A5-224110158D8F}.Release|Any CPU.Build.0 = Release|Any CPU
		{02D60AE9-27DB-4398-AE14-27A880E10234}.Debug|Any CPU.ActiveCfg = Debug|Any CPU
		{02D60AE9-27DB-4398-AE14-27A880E10234}.Debug|Any CPU.Build.0 = Debug|Any CPU
		{02D60AE9-27DB-4398-AE14-27A880E10234}.Release|Any CPU.ActiveCfg = Release|Any CPU
		{02D60AE9-27DB-4398-AE14-27A880E10234}.Release|Any CPU.Build.0 = Release|Any CPU
		{627D5147-61CA-4BC3-85EE-4BF6FBE73C78}.Debug|Any CPU.ActiveCfg = Debug|Any CPU
		{627D5147-61CA-4BC3-85EE-4BF6FBE73C78}.Debug|Any CPU.Build.0 = Debug|Any CPU
		{627D5147-61CA-4BC3-85EE-4BF6FBE73C78}.Release|Any CPU.ActiveCfg = Release|Any CPU
		{627D5147-61CA-4BC3-85EE-4BF6FBE73C78}.Release|Any CPU.Build.0 = Release|Any CPU
		{52D83CCD-DBCC-4A8E-A66A-FED87C3C028B}.Debug|Any CPU.ActiveCfg = Debug|Any CPU
		{52D83CCD-DBCC-4A8E-A66A-FED87C3C028B}.Debug|Any CPU.Build.0 = Debug|Any CPU
		{52D83CCD-DBCC-4A8E-A66A-FED87C3C028B}.Release|Any CPU.ActiveCfg = Release|Any CPU
		{52D83CCD-DBCC-4A8E-A66A-FED87C3C028B}.Release|Any CPU.Build.0 = Release|Any CPU
		{24BFAB8B-8235-4D1A-B6AA-03FA36A3A062}.Debug|Any CPU.ActiveCfg = Debug|Any CPU
		{24BFAB8B-8235-4D1A-B6AA-03FA36A3A062}.Debug|Any CPU.Build.0 = Debug|Any CPU
		{24BFAB8B-8235-4D1A-B6AA-03FA36A3A062}.Release|Any CPU.ActiveCfg = Release|Any CPU
		{24BFAB8B-8235-4D1A-B6AA-03FA36A3A062}.Release|Any CPU.Build.0 = Release|Any CPU
		{125E10D0-63B3-4D22-BE35-589761DF1E4F}.Debug|Any CPU.ActiveCfg = Debug|Any CPU
		{125E10D0-63B3-4D22-BE35-589761DF1E4F}.Debug|Any CPU.Build.0 = Debug|Any CPU
		{125E10D0-63B3-4D22-BE35-589761DF1E4F}.Release|Any CPU.ActiveCfg = Release|Any CPU
		{125E10D0-63B3-4D22-BE35-589761DF1E4F}.Release|Any CPU.Build.0 = Release|Any CPU
		{43B8668D-FF25-4E97-ADB3-A78E00BB4408}.Debug|Any CPU.ActiveCfg = Debug|Any CPU
		{43B8668D-FF25-4E97-ADB3-A78E00BB4408}.Debug|Any CPU.Build.0 = Debug|Any CPU
		{43B8668D-FF25-4E97-ADB3-A78E00BB4408}.Release|Any CPU.ActiveCfg = Release|Any CPU
		{43B8668D-FF25-4E97-ADB3-A78E00BB4408}.Release|Any CPU.Build.0 = Release|Any CPU
		{39D5EFDA-408F-4853-AC62-AD4C056329C5}.Debug|Any CPU.ActiveCfg = Debug|Any CPU
		{39D5EFDA-408F-4853-AC62-AD4C056329C5}.Debug|Any CPU.Build.0 = Debug|Any CPU
		{39D5EFDA-408F-4853-AC62-AD4C056329C5}.Release|Any CPU.ActiveCfg = Release|Any CPU
		{39D5EFDA-408F-4853-AC62-AD4C056329C5}.Release|Any CPU.Build.0 = Release|Any CPU
	EndGlobalSection
	GlobalSection(SolutionProperties) = preSolution
		HideSolutionNode = FALSE
	EndGlobalSection
	GlobalSection(ExtensibilityGlobals) = postSolution
		SolutionGuid = {8DBFB1B5-9F2E-467F-AE48-AECE9F442913}
	EndGlobalSection
	GlobalSection(MonoDevelopProperties) = preSolution
		StartupItem = Assembly-CSharp.csproj
	EndGlobalSection
EndGlobal
